
Microsoft Visual Studio Solution File, Format Version 12.00
# Visual Studio Version 17
VisualStudioVersion = 17.4.33213.308
MinimumVisualStudioVersion = 10.0.40219.1
Project("{FAE04EC0-301F-11D3-BF4B-00C04F79EFBC}") = "PilotOCR", "PilotOCR.csproj", "{D1B57CA1-8B03-4513-8391-CA181087E76B}"
EndProject
Global
	GlobalSection(SolutionConfigurationPlatforms) = preSolution
		Debug|Any CPU = Debug|Any CPU
		Release|Any CPU = Release|Any CPU
	EndGlobalSection
	GlobalSection(ProjectConfigurationPlatforms) = postSolution
		{D1B57CA1-8B03-4513-8391-CA181087E76B}.Debug|Any CPU.ActiveCfg = Debug|Any CPU
		{D1B57CA1-8B03-4513-8391-CA181087E76B}.Debug|Any CPU.Build.0 = Debug|Any CPU
		{D1B57CA1-8B03-4513-8391-CA181087E76B}.Release|Any CPU.ActiveCfg = Release|Any CPU
		{D1B57CA1-8B03-4513-8391-CA181087E76B}.Release|Any CPU.Build.0 = Release|Any CPU
	EndGlobalSection
	GlobalSection(SolutionProperties) = preSolution
		HideSolutionNode = FALSE
	EndGlobalSection
	GlobalSection(ExtensibilityGlobals) = postSolution
		SolutionGuid = {2081EF90-5FDB-4477-9BA0-A4AEDD67D65A}
	EndGlobalSection
EndGlobal
